// !$*UTF8*$!
{
	archiveVersion = 1;
	classes = {
	};
	objectVersion = 46;
	objects = {

/* Begin PBXBuildFile section */
		07A94CC91BF429150052F7F0 /* AppDelegate.swift in Sources */ = {isa = PBXBuildFile; fileRef = 07A94CC81BF429150052F7F0 /* AppDelegate.swift */; };
		07A94CCB1BF429150052F7F0 /* ViewController.swift in Sources */ = {isa = PBXBuildFile; fileRef = 07A94CCA1BF429150052F7F0 /* ViewController.swift */; };
		07A94CCE1BF429150052F7F0 /* Main.storyboard in Resources */ = {isa = PBXBuildFile; fileRef = 07A94CCC1BF429150052F7F0 /* Main.storyboard */; };
		07A94CD01BF429150052F7F0 /* Assets.xcassets in Resources */ = {isa = PBXBuildFile; fileRef = 07A94CCF1BF429150052F7F0 /* Assets.xcassets */; };
		07A94CD31BF429150052F7F0 /* LaunchScreen.storyboard in Resources */ = {isa = PBXBuildFile; fileRef = 07A94CD11BF429150052F7F0 /* LaunchScreen.storyboard */; };
		07A94CDE1BF429150052F7F0 /* CognitoTests.swift in Sources */ = {isa = PBXBuildFile; fileRef = 07A94CDD1BF429150052F7F0 /* CognitoTests.swift */; };
		07A94CE91BF429150052F7F0 /* CognitoUITests.swift in Sources */ = {isa = PBXBuildFile; fileRef = 07A94CE81BF429150052F7F0 /* CognitoUITests.swift */; };
/* End PBXBuildFile section */

/* Begin PBXContainerItemProxy section */
		07A94CDA1BF429150052F7F0 /* PBXContainerItemProxy */ = {
			isa = PBXContainerItemProxy;
			containerPortal = 07A94CBD1BF429150052F7F0 /* Project object */;
			proxyType = 1;
			remoteGlobalIDString = 07A94CC41BF429150052F7F0;
			remoteInfo = Cognito;
		};
		07A94CE51BF429150052F7F0 /* PBXContainerItemProxy */ = {
			isa = PBXContainerItemProxy;
			containerPortal = 07A94CBD1BF429150052F7F0 /* Project object */;
			proxyType = 1;
			remoteGlobalIDString = 07A94CC41BF429150052F7F0;
			remoteInfo = Cognito;
		};
/* End PBXContainerItemProxy section */

/* Begin PBXFileReference section */
		07A94CC51BF429150052F7F0 /* Cognito.app */ = {isa = PBXFileReference; explicitFileType = wrapper.application; includeInIndex = 0; path = Cognito.app; sourceTree = BUILT_PRODUCTS_DIR; };
		07A94CC81BF429150052F7F0 /* AppDelegate.swift */ = {isa = PBXFileReference; lastKnownFileType = sourcecode.swift; path = AppDelegate.swift; sourceTree = "<group>"; };
		07A94CCA1BF429150052F7F0 /* ViewController.swift */ = {isa = PBXFileReference; lastKnownFileType = sourcecode.swift; path = ViewController.swift; sourceTree = "<group>"; };
		07A94CCD1BF429150052F7F0 /* Base */ = {isa = PBXFileReference; lastKnownFileType = file.storyboard; name = Base; path = Base.lproj/Main.storyboard; sourceTree = "<group>"; };
		07A94CCF1BF429150052F7F0 /* Assets.xcassets */ = {isa = PBXFileReference; lastKnownFileType = folder.assetcatalog; path = Assets.xcassets; sourceTree = "<group>"; };
		07A94CD21BF429150052F7F0 /* Base */ = {isa = PBXFileReference; lastKnownFileType = file.storyboard; name = Base; path = Base.lproj/LaunchScreen.storyboard; sourceTree = "<group>"; };
		07A94CD41BF429150052F7F0 /* Info.plist */ = {isa = PBXFileReference; lastKnownFileType = text.plist.xml; path = Info.plist; sourceTree = "<group>"; };
		07A94CD91BF429150052F7F0 /* CognitoTests.xctest */ = {isa = PBXFileReference; explicitFileType = wrapper.cfbundle; includeInIndex = 0; path = CognitoTests.xctest; sourceTree = BUILT_PRODUCTS_DIR; };
		07A94CDD1BF429150052F7F0 /* CognitoTests.swift */ = {isa = PBXFileReference; lastKnownFileType = sourcecode.swift; path = CognitoTests.swift; sourceTree = "<group>"; };
		07A94CDF1BF429150052F7F0 /* Info.plist */ = {isa = PBXFileReference; lastKnownFileType = text.plist.xml; path = Info.plist; sourceTree = "<group>"; };
		07A94CE41BF429150052F7F0 /* CognitoUITests.xctest */ = {isa = PBXFileReference; explicitFileType = wrapper.cfbundle; includeInIndex = 0; path = CognitoUITests.xctest; sourceTree = BUILT_PRODUCTS_DIR; };
		07A94CE81BF429150052F7F0 /* CognitoUITests.swift */ = {isa = PBXFileReference; lastKnownFileType = sourcecode.swift; path = CognitoUITests.swift; sourceTree = "<group>"; };
		07A94CEA1BF429150052F7F0 /* Info.plist */ = {isa = PBXFileReference; lastKnownFileType = text.plist.xml; path = Info.plist; sourceTree = "<group>"; };
/* End PBXFileReference section */

/* Begin PBXFrameworksBuildPhase section */
		07A94CC21BF429150052F7F0 /* Frameworks */ = {
			isa = PBXFrameworksBuildPhase;
			buildActionMask = 2147483647;
			files = (
			);
			runOnlyForDeploymentPostprocessing = 0;
		};
		07A94CD61BF429150052F7F0 /* Frameworks */ = {
			isa = PBXFrameworksBuildPhase;
			buildActionMask = 2147483647;
			files = (
			);
			runOnlyForDeploymentPostprocessing = 0;
		};
		07A94CE11BF429150052F7F0 /* Frameworks */ = {
			isa = PBXFrameworksBuildPhase;
			buildActionMask = 2147483647;
			files = (
			);
			runOnlyForDeploymentPostprocessing = 0;
		};
/* End PBXFrameworksBuildPhase section */

/* Begin PBXGroup section */
		07A94CBC1BF429150052F7F0 = {
			isa = PBXGroup;
			children = (
				07A94CC71BF429150052F7F0 /* Cognito */,
				07A94CDC1BF429150052F7F0 /* CognitoTests */,
				07A94CE71BF429150052F7F0 /* CognitoUITests */,
				07A94CC61BF429150052F7F0 /* Products */,
			);
			sourceTree = "<group>";
		};
		07A94CC61BF429150052F7F0 /* Products */ = {
			isa = PBXGroup;
			children = (
				07A94CC51BF429150052F7F0 /* Cognito.app */,
				07A94CD91BF429150052F7F0 /* CognitoTests.xctest */,
				07A94CE41BF429150052F7F0 /* CognitoUITests.xctest */,
			);
			name = Products;
			sourceTree = "<group>";
		};
		07A94CC71BF429150052F7F0 /* Cognito */ = {
			isa = PBXGroup;
			children = (
				07A94CC81BF429150052F7F0 /* AppDelegate.swift */,
				07A94CCA1BF429150052F7F0 /* ViewController.swift */,
				07A94CCC1BF429150052F7F0 /* Main.storyboard */,
				07A94CCF1BF429150052F7F0 /* Assets.xcassets */,
				07A94CD11BF429150052F7F0 /* LaunchScreen.storyboard */,
				07A94CD41BF429150052F7F0 /* Info.plist */,
			);
			path = Cognito;
			sourceTree = "<group>";
		};
		07A94CDC1BF429150052F7F0 /* CognitoTests */ = {
			isa = PBXGroup;
			children = (
				07A94CDD1BF429150052F7F0 /* CognitoTests.swift */,
				07A94CDF1BF429150052F7F0 /* Info.plist */,
			);
			path = CognitoTests;
			sourceTree = "<group>";
		};
		07A94CE71BF429150052F7F0 /* CognitoUITests */ = {
			isa = PBXGroup;
			children = (
				07A94CE81BF429150052F7F0 /* CognitoUITests.swift */,
				07A94CEA1BF429150052F7F0 /* Info.plist */,
			);
			path = CognitoUITests;
			sourceTree = "<group>";
		};
/* End PBXGroup section */

/* Begin PBXNativeTarget section */
		07A94CC41BF429150052F7F0 /* Cognito */ = {
			isa = PBXNativeTarget;
			buildConfigurationList = 07A94CED1BF429150052F7F0 /* Build configuration list for PBXNativeTarget "Cognito" */;
			buildPhases = (
				07A94CC11BF429150052F7F0 /* Sources */,
				07A94CC21BF429150052F7F0 /* Frameworks */,
				07A94CC31BF429150052F7F0 /* Resources */,
			);
			buildRules = (
			);
			dependencies = (
			);
			name = Cognito;
			productName = Cognito;
			productReference = 07A94CC51BF429150052F7F0 /* Cognito.app */;
			productType = "com.apple.product-type.application";
		};
		07A94CD81BF429150052F7F0 /* CognitoTests */ = {
			isa = PBXNativeTarget;
			buildConfigurationList = 07A94CF01BF429150052F7F0 /* Build configuration list for PBXNativeTarget "CognitoTests" */;
			buildPhases = (
				07A94CD51BF429150052F7F0 /* Sources */,
				07A94CD61BF429150052F7F0 /* Frameworks */,
				07A94CD71BF429150052F7F0 /* Resources */,
			);
			buildRules = (
			);
			dependencies = (
				07A94CDB1BF429150052F7F0 /* PBXTargetDependency */,
			);
			name = CognitoTests;
			productName = CognitoTests;
			productReference = 07A94CD91BF429150052F7F0 /* CognitoTests.xctest */;
			productType = "com.apple.product-type.bundle.unit-test";
		};
		07A94CE31BF429150052F7F0 /* CognitoUITests */ = {
			isa = PBXNativeTarget;
			buildConfigurationList = 07A94CF31BF429150052F7F0 /* Build configuration list for PBXNativeTarget "CognitoUITests" */;
			buildPhases = (
				07A94CE01BF429150052F7F0 /* Sources */,
				07A94CE11BF429150052F7F0 /* Frameworks */,
				07A94CE21BF429150052F7F0 /* Resources */,
			);
			buildRules = (
			);
			dependencies = (
				07A94CE61BF429150052F7F0 /* PBXTargetDependency */,
			);
			name = CognitoUITests;
			productName = CognitoUITests;
			productReference = 07A94CE41BF429150052F7F0 /* CognitoUITests.xctest */;
			productType = "com.apple.product-type.bundle.ui-testing";
		};
/* End PBXNativeTarget section */

/* Begin PBXProject section */
		07A94CBD1BF429150052F7F0 /* Project object */ = {
			isa = PBXProject;
			attributes = {
				LastSwiftUpdateCheck = 0710;
				LastUpgradeCheck = 0710;
				ORGANIZATIONNAME = "Carlos Macasaet";
				TargetAttributes = {
					07A94CC41BF429150052F7F0 = {
						CreatedOnToolsVersion = 7.1;
					};
					07A94CD81BF429150052F7F0 = {
						CreatedOnToolsVersion = 7.1;
						TestTargetID = 07A94CC41BF429150052F7F0;
					};
					07A94CE31BF429150052F7F0 = {
						CreatedOnToolsVersion = 7.1;
						TestTargetID = 07A94CC41BF429150052F7F0;
					};
				};
			};
			buildConfigurationList = 07A94CC01BF429150052F7F0 /* Build configuration list for PBXProject "Cognito" */;
			compatibilityVersion = "Xcode 3.2";
			developmentRegion = English;
			hasScannedForEncodings = 0;
			knownRegions = (
				en,
				Base,
			);
			mainGroup = 07A94CBC1BF429150052F7F0;
			productRefGroup = 07A94CC61BF429150052F7F0 /* Products */;
			projectDirPath = "";
			projectRoot = "";
			targets = (
				07A94CC41BF429150052F7F0 /* Cognito */,
				07A94CD81BF429150052F7F0 /* CognitoTests */,
				07A94CE31BF429150052F7F0 /* CognitoUITests */,
			);
		};
/* End PBXProject section */

/* Begin PBXResourcesBuildPhase section */
		07A94CC31BF429150052F7F0 /* Resources */ = {
			isa = PBXResourcesBuildPhase;
			buildActionMask = 2147483647;
			files = (
				07A94CD31BF429150052F7F0 /* LaunchScreen.storyboard in Resources */,
				07A94CD01BF429150052F7F0 /* Assets.xcassets in Resources */,
				07A94CCE1BF429150052F7F0 /* Main.storyboard in Resources */,
			);
			runOnlyForDeploymentPostprocessing = 0;
		};
		07A94CD71BF429150052F7F0 /* Resources */ = {
			isa = PBXResourcesBuildPhase;
			buildActionMask = 2147483647;
			files = (
			);
			runOnlyForDeploymentPostprocessing = 0;
		};
		07A94CE21BF429150052F7F0 /* Resources */ = {
			isa = PBXResourcesBuildPhase;
			buildActionMask = 2147483647;
			files = (
			);
			runOnlyForDeploymentPostprocessing = 0;
		};
/* End PBXResourcesBuildPhase section */

/* Begin PBXSourcesBuildPhase section */
		07A94CC11BF429150052F7F0 /* Sources */ = {
			isa = PBXSourcesBuildPhase;
			buildActionMask = 2147483647;
			files = (
				07A94CCB1BF429150052F7F0 /* ViewController.swift in Sources */,
				07A94CC91BF429150052F7F0 /* AppDelegate.swift in Sources */,
			);
			runOnlyForDeploymentPostprocessing = 0;
		};
		07A94CD51BF429150052F7F0 /* Sources */ = {
			isa = PBXSourcesBuildPhase;
			buildActionMask = 2147483647;
			files = (
				07A94CDE1BF429150052F7F0 /* CognitoTests.swift in Sources */,
			);
			runOnlyForDeploymentPostprocessing = 0;
		};
		07A94CE01BF429150052F7F0 /* Sources */ = {
			isa = PBXSourcesBuildPhase;
			buildActionMask = 2147483647;
			files = (
				07A94CE91BF429150052F7F0 /* CognitoUITests.swift in Sources */,
			);
			runOnlyForDeploymentPostprocessing = 0;
		};
/* End PBXSourcesBuildPhase section */

/* Begin PBXTargetDependency section */
		07A94CDB1BF429150052F7F0 /* PBXTargetDependency */ = {
			isa = PBXTargetDependency;
			target = 07A94CC41BF429150052F7F0 /* Cognito */;
			targetProxy = 07A94CDA1BF429150052F7F0 /* PBXContainerItemProxy */;
		};
		07A94CE61BF429150052F7F0 /* PBXTargetDependency */ = {
			isa = PBXTargetDependency;
			target = 07A94CC41BF429150052F7F0 /* Cognito */;
			targetProxy = 07A94CE51BF429150052F7F0 /* PBXContainerItemProxy */;
		};
/* End PBXTargetDependency section */

/* Begin PBXVariantGroup section */
		07A94CCC1BF429150052F7F0 /* Main.storyboard */ = {
			isa = PBXVariantGroup;
			children = (
				07A94CCD1BF429150052F7F0 /* Base */,
			);
			name = Main.storyboard;
			sourceTree = "<group>";
		};
		07A94CD11BF429150052F7F0 /* LaunchScreen.storyboard */ = {
			isa = PBXVariantGroup;
			children = (
				07A94CD21BF429150052F7F0 /* Base */,
			);
			name = LaunchScreen.storyboard;
			sourceTree = "<group>";
		};
/* End PBXVariantGroup section */

/* Begin XCBuildConfiguration section */
		07A94CEB1BF429150052F7F0 /* Debug */ = {
			isa = XCBuildConfiguration;
			buildSettings = {
				ALWAYS_SEARCH_USER_PATHS = NO;
				CLANG_CXX_LANGUAGE_STANDARD = "gnu++0x";
				CLANG_CXX_LIBRARY = "libc++";
				CLANG_ENABLE_MODULES = YES;
				CLANG_ENABLE_OBJC_ARC = YES;
				CLANG_WARN_BOOL_CONVERSION = YES;
				CLANG_WARN_CONSTANT_CONVERSION = YES;
				CLANG_WARN_DIRECT_OBJC_ISA_USAGE = YES_ERROR;
				CLANG_WARN_EMPTY_BODY = YES;
				CLANG_WARN_ENUM_CONVERSION = YES;
				CLANG_WARN_INT_CONVERSION = YES;
				CLANG_WARN_OBJC_ROOT_CLASS = YES_ERROR;
				CLANG_WARN_UNREACHABLE_CODE = YES;
				CLANG_WARN__DUPLICATE_METHOD_MATCH = YES;
				"CODE_SIGN_IDENTITY[sdk=iphoneos*]" = "iPhone Developer";
				COPY_PHASE_STRIP = NO;
				DEBUG_INFORMATION_FORMAT = dwarf;
				ENABLE_STRICT_OBJC_MSGSEND = YES;
				ENABLE_TESTABILITY = YES;
				GCC_C_LANGUAGE_STANDARD = gnu99;
				GCC_DYNAMIC_NO_PIC = NO;
				GCC_NO_COMMON_BLOCKS = YES;
				GCC_OPTIMIZATION_LEVEL = 0;
				GCC_PREPROCESSOR_DEFINITIONS = (
					"DEBUG=1",
					"$(inherited)",
				);
				GCC_WARN_64_TO_32_BIT_CONVERSION = YES;
				GCC_WARN_ABOUT_RETURN_TYPE = YES_ERROR;
				GCC_WARN_UNDECLARED_SELECTOR = YES;
				GCC_WARN_UNINITIALIZED_AUTOS = YES_AGGRESSIVE;
				GCC_WARN_UNUSED_FUNCTION = YES;
				GCC_WARN_UNUSED_VARIABLE = YES;
				IPHONEOS_DEPLOYMENT_TARGET = 9.1;
				MTL_ENABLE_DEBUG_INFO = YES;
				ONLY_ACTIVE_ARCH = YES;
				SDKROOT = iphoneos;
				SWIFT_OPTIMIZATION_LEVEL = "-Onone";
				TARGETED_DEVICE_FAMILY = "1,2";
			};
			name = Debug;
		};
		07A94CEC1BF429150052F7F0 /* Release */ = {
			isa = XCBuildConfiguration;
			buildSettings = {
				ALWAYS_SEARCH_USER_PATHS = NO;
				CLANG_CXX_LANGUAGE_STANDARD = "gnu++0x";
				CLANG_CXX_LIBRARY = "libc++";
				CLANG_ENABLE_MODULES = YES;
				CLANG_ENABLE_OBJC_ARC = YES;
				CLANG_WARN_BOOL_CONVERSION = YES;
				CLANG_WARN_CONSTANT_CONVERSION = YES;
				CLANG_WARN_DIRECT_OBJC_ISA_USAGE = YES_ERROR;
				CLANG_WARN_EMPTY_BODY = YES;
				CLANG_WARN_ENUM_CONVERSION = YES;
				CLANG_WARN_INT_CONVERSION = YES;
				CLANG_WARN_OBJC_ROOT_CLASS = YES_ERROR;
				CLANG_WARN_UNREACHABLE_CODE = YES;
				CLANG_WARN__DUPLICATE_METHOD_MATCH = YES;
				"CODE_SIGN_IDENTITY[sdk=iphoneos*]" = "iPhone Developer";
				COPY_PHASE_STRIP = NO;
				DEBUG_INFORMATION_FORMAT = "dwarf-with-dsym";
				ENABLE_NS_ASSERTIONS = NO;
				ENABLE_STRICT_OBJC_MSGSEND = YES;
				GCC_C_LANGUAGE_STANDARD = gnu99;
				GCC_NO_COMMON_BLOCKS = YES;
				GCC_WARN_64_TO_32_BIT_CONVERSION = YES;
				GCC_WARN_ABOUT_RETURN_TYPE = YES_ERROR;
				GCC_WARN_UNDECLARED_SELECTOR = YES;
				GCC_WARN_UNINITIALIZED_AUTOS = YES_AGGRESSIVE;
				GCC_WARN_UNUSED_FUNCTION = YES;
				GCC_WARN_UNUSED_VARIABLE = YES;
				IPHONEOS_DEPLOYMENT_TARGET = 9.1;
				MTL_ENABLE_DEBUG_INFO = NO;
				SDKROOT = iphoneos;
				TARGETED_DEVICE_FAMILY = "1,2";
				VALIDATE_PRODUCT = YES;
			};
			name = Release;
		};
		07A94CEE1BF429150052F7F0 /* Debug */ = {
			isa = XCBuildConfiguration;
			buildSettings = {
				ASSETCATALOG_COMPILER_APPICON_NAME = AppIcon;
				INFOPLIST_FILE = Cognito/Info.plist;
				LD_RUNPATH_SEARCH_PATHS = "$(inherited) @executable_path/Frameworks";
				PRODUCT_BUNDLE_IDENTIFIER = com.macasaet.Cognito;
				PRODUCT_NAME = "$(TARGET_NAME)";
			};
			name = Debug;
		};
		07A94CEF1BF429150052F7F0 /* Release */ = {
			isa = XCBuildConfiguration;
			buildSettings = {
				ASSETCATALOG_COMPILER_APPICON_NAME = AppIcon;
				INFOPLIST_FILE = Cognito/Info.plist;
				LD_RUNPATH_SEARCH_PATHS = "$(inherited) @executable_path/Frameworks";
				PRODUCT_BUNDLE_IDENTIFIER = com.macasaet.Cognito;
				PRODUCT_NAME = "$(TARGET_NAME)";
			};
			name = Release;
		};
		07A94CF11BF429150052F7F0 /* Debug */ = {
			isa = XCBuildConfiguration;
			buildSettings = {
				BUNDLE_LOADER = "$(TEST_HOST)";
				INFOPLIST_FILE = CognitoTests/Info.plist;
				LD_RUNPATH_SEARCH_PATHS = "$(inherited) @executable_path/Frameworks @loader_path/Frameworks";
				PRODUCT_BUNDLE_IDENTIFIER = com.macasaet.CognitoTests;
				PRODUCT_NAME = "$(TARGET_NAME)";
				TEST_HOST = "$(BUILT_PRODUCTS_DIR)/Cognito.app/Cognito";
			};
			name = Debug;
		};
		07A94CF21BF429150052F7F0 /* Release */ = {
			isa = XCBuildConfiguration;
			buildSettings = {
				BUNDLE_LOADER = "$(TEST_HOST)";
				INFOPLIST_FILE = CognitoTests/Info.plist;
				LD_RUNPATH_SEARCH_PATHS = "$(inherited) @executable_path/Frameworks @loader_path/Frameworks";
				PRODUCT_BUNDLE_IDENTIFIER = com.macasaet.CognitoTests;
				PRODUCT_NAME = "$(TARGET_NAME)";
				TEST_HOST = "$(BUILT_PRODUCTS_DIR)/Cognito.app/Cognito";
			};
			name = Release;
		};
		07A94CF41BF429150052F7F0 /* Debug */ = {
			isa = XCBuildConfiguration;
			buildSettings = {
				INFOPLIST_FILE = CognitoUITests/Info.plist;
				LD_RUNPATH_SEARCH_PATHS = "$(inherited) @executable_path/Frameworks @loader_path/Frameworks";
				PRODUCT_BUNDLE_IDENTIFIER = com.macasaet.CognitoUITests;
				PRODUCT_NAME = "$(TARGET_NAME)";
				TEST_TARGET_NAME = Cognito;
				USES_XCTRUNNER = YES;
			};
			name = Debug;
		};
		07A94CF51BF429150052F7F0 /* Release */ = {
			isa = XCBuildConfiguration;
			buildSettings = {
				INFOPLIST_FILE = CognitoUITests/Info.plist;
				LD_RUNPATH_SEARCH_PATHS = "$(inherited) @executable_path/Frameworks @loader_path/Frameworks";
				PRODUCT_BUNDLE_IDENTIFIER = com.macasaet.CognitoUITests;
				PRODUCT_NAME = "$(TARGET_NAME)";
				TEST_TARGET_NAME = Cognito;
				USES_XCTRUNNER = YES;
			};
			name = Release;
		};
/* End XCBuildConfiguration section */

/* Begin XCConfigurationList section */
		07A94CC01BF429150052F7F0 /* Build configuration list for PBXProject "Cognito" */ = {
			isa = XCConfigurationList;
			buildConfigurations = (
				07A94CEB1BF429150052F7F0 /* Debug */,
				07A94CEC1BF429150052F7F0 /* Release */,
			);
			defaultConfigurationIsVisible = 0;
			defaultConfigurationName = Release;
		};
		07A94CED1BF429150052F7F0 /* Build configuration list for PBXNativeTarget "Cognito" */ = {
			isa = XCConfigurationList;
			buildConfigurations = (
				07A94CEE1BF429150052F7F0 /* Debug */,
				07A94CEF1BF429150052F7F0 /* Release */,
			);
			defaultConfigurationIsVisible = 0;
		};
		07A94CF01BF429150052F7F0 /* Build configuration list for PBXNativeTarget "CognitoTests" */ = {
			isa = XCConfigurationList;
			buildConfigurations = (
				07A94CF11BF429150052F7F0 /* Debug */,
				07A94CF21BF429150052F7F0 /* Release */,
			);
			defaultConfigurationIsVisible = 0;
		};
		07A94CF31BF429150052F7F0 /* Build configuration list for PBXNativeTarget "CognitoUITests" */ = {
			isa = XCConfigurationList;
			buildConfigurations = (
				07A94CF41BF429150052F7F0 /* Debug */,
				07A94CF51BF429150052F7F0 /* Release */,
			);
			defaultConfigurationIsVisible = 0;
		};
/* End XCConfigurationList section */
	};
	rootObject = 07A94CBD1BF429150052F7F0 /* Project object */;
}
