// !$*UTF8*$!
{
	archiveVersion = 1;
	classes = {
	};
	objectVersion = 47;
	objects = {

/* Begin PBXBuildFile section */
		0730863D1BF4329200B8D02A /* AWSCognito.framework in Frameworks */ = {isa = PBXBuildFile; fileRef = 0730863C1BF4329200B8D02A /* AWSCognito.framework */; };
		0730863E1BF4329200B8D02A /* AWSCognito.framework in Frameworks */ = {isa = PBXBuildFile; fileRef = 0730863C1BF4329200B8D02A /* AWSCognito.framework */; };
		073086401BF473CD00B8D02A /* CognitoCell.swift in Sources */ = {isa = PBXBuildFile; fileRef = 0730863F1BF473CD00B8D02A /* CognitoCell.swift */; };
		073086411BF473CD00B8D02A /* CognitoCell.swift in Sources */ = {isa = PBXBuildFile; fileRef = 0730863F1BF473CD00B8D02A /* CognitoCell.swift */; };
		073086431BF475E900B8D02A /* CognitoService.swift in Sources */ = {isa = PBXBuildFile; fileRef = 073086421BF475E900B8D02A /* CognitoService.swift */; };
		073086441BF475E900B8D02A /* CognitoService.swift in Sources */ = {isa = PBXBuildFile; fileRef = 073086421BF475E900B8D02A /* CognitoService.swift */; };
		073086461BF47A8E00B8D02A /* CognitoProfile.swift in Sources */ = {isa = PBXBuildFile; fileRef = 073086451BF47A8E00B8D02A /* CognitoProfile.swift */; };
		073086471BF47A8E00B8D02A /* CognitoProfile.swift in Sources */ = {isa = PBXBuildFile; fileRef = 073086451BF47A8E00B8D02A /* CognitoProfile.swift */; };
		073086491BF53F6A00B8D02A /* private.plist in Resources */ = {isa = PBXBuildFile; fileRef = 073086481BF53F6A00B8D02A /* private.plist */; };
		07A94CC91BF429150052F7F0 /* AppDelegate.swift in Sources */ = {isa = PBXBuildFile; fileRef = 07A94CC81BF429150052F7F0 /* AppDelegate.swift */; };
		07A94CCB1BF429150052F7F0 /* ViewController.swift in Sources */ = {isa = PBXBuildFile; fileRef = 07A94CCA1BF429150052F7F0 /* ViewController.swift */; };
		07A94CCE1BF429150052F7F0 /* Main.storyboard in Resources */ = {isa = PBXBuildFile; fileRef = 07A94CCC1BF429150052F7F0 /* Main.storyboard */; };
		07A94CD01BF429150052F7F0 /* Assets.xcassets in Resources */ = {isa = PBXBuildFile; fileRef = 07A94CCF1BF429150052F7F0 /* Assets.xcassets */; };
		07A94CD31BF429150052F7F0 /* LaunchScreen.storyboard in Resources */ = {isa = PBXBuildFile; fileRef = 07A94CD11BF429150052F7F0 /* LaunchScreen.storyboard */; };
		07A94CDE1BF429150052F7F0 /* CognitoTests.swift in Sources */ = {isa = PBXBuildFile; fileRef = 07A94CDD1BF429150052F7F0 /* CognitoTests.swift */; };
		07A94CE91BF429150052F7F0 /* CognitoUITests.swift in Sources */ = {isa = PBXBuildFile; fileRef = 07A94CE81BF429150052F7F0 /* CognitoUITests.swift */; };
		07A94D4B1BF42E610052F7F0 /* AWSAPIGateway.framework in Frameworks */ = {isa = PBXBuildFile; fileRef = 07A94D3B1BF42E610052F7F0 /* AWSAPIGateway.framework */; };
		07A94D4C1BF42E610052F7F0 /* AWSAutoScaling.framework in Frameworks */ = {isa = PBXBuildFile; fileRef = 07A94D3C1BF42E610052F7F0 /* AWSAutoScaling.framework */; };
		07A94D4D1BF42E610052F7F0 /* AWSCloudWatch.framework in Frameworks */ = {isa = PBXBuildFile; fileRef = 07A94D3D1BF42E610052F7F0 /* AWSCloudWatch.framework */; };
		07A94D4E1BF42E610052F7F0 /* AWSCore.framework in Frameworks */ = {isa = PBXBuildFile; fileRef = 07A94D3E1BF42E610052F7F0 /* AWSCore.framework */; };
		07A94D4F1BF42E610052F7F0 /* AWSDynamoDB.framework in Frameworks */ = {isa = PBXBuildFile; fileRef = 07A94D3F1BF42E610052F7F0 /* AWSDynamoDB.framework */; };
		07A94D501BF42E610052F7F0 /* AWSEC2.framework in Frameworks */ = {isa = PBXBuildFile; fileRef = 07A94D401BF42E610052F7F0 /* AWSEC2.framework */; };
		07A94D511BF42E610052F7F0 /* AWSElasticLoadBalancing.framework in Frameworks */ = {isa = PBXBuildFile; fileRef = 07A94D411BF42E610052F7F0 /* AWSElasticLoadBalancing.framework */; };
		07A94D521BF42E610052F7F0 /* AWSKinesis.framework in Frameworks */ = {isa = PBXBuildFile; fileRef = 07A94D421BF42E610052F7F0 /* AWSKinesis.framework */; };
		07A94D531BF42E610052F7F0 /* AWSLambda.framework in Frameworks */ = {isa = PBXBuildFile; fileRef = 07A94D431BF42E610052F7F0 /* AWSLambda.framework */; };
		07A94D541BF42E610052F7F0 /* AWSMachineLearning.framework in Frameworks */ = {isa = PBXBuildFile; fileRef = 07A94D441BF42E610052F7F0 /* AWSMachineLearning.framework */; };
		07A94D551BF42E610052F7F0 /* AWSMobileAnalytics.framework in Frameworks */ = {isa = PBXBuildFile; fileRef = 07A94D451BF42E610052F7F0 /* AWSMobileAnalytics.framework */; };
		07A94D561BF42E610052F7F0 /* AWSS3.framework in Frameworks */ = {isa = PBXBuildFile; fileRef = 07A94D461BF42E610052F7F0 /* AWSS3.framework */; };
		07A94D571BF42E610052F7F0 /* AWSSES.framework in Frameworks */ = {isa = PBXBuildFile; fileRef = 07A94D471BF42E610052F7F0 /* AWSSES.framework */; };
		07A94D581BF42E610052F7F0 /* AWSSimpleDB.framework in Frameworks */ = {isa = PBXBuildFile; fileRef = 07A94D481BF42E610052F7F0 /* AWSSimpleDB.framework */; };
		07A94D591BF42E610052F7F0 /* AWSSNS.framework in Frameworks */ = {isa = PBXBuildFile; fileRef = 07A94D491BF42E610052F7F0 /* AWSSNS.framework */; };
		07A94D5A1BF42E610052F7F0 /* AWSSQS.framework in Frameworks */ = {isa = PBXBuildFile; fileRef = 07A94D4A1BF42E610052F7F0 /* AWSSQS.framework */; };
		07A94D5C1BF42F290052F7F0 /* SystemConfiguration.framework in Frameworks */ = {isa = PBXBuildFile; fileRef = 07A94D5B1BF42F290052F7F0 /* SystemConfiguration.framework */; };
		07A94D5E1BF42F390052F7F0 /* libz.tbd in Frameworks */ = {isa = PBXBuildFile; fileRef = 07A94D5D1BF42F390052F7F0 /* libz.tbd */; };
		07A94D601BF42F420052F7F0 /* libsqlite3.tbd in Frameworks */ = {isa = PBXBuildFile; fileRef = 07A94D5F1BF42F420052F7F0 /* libsqlite3.tbd */; };
/* End PBXBuildFile section */

/* Begin PBXContainerItemProxy section */
		07A94CDA1BF429150052F7F0 /* PBXContainerItemProxy */ = {
			isa = PBXContainerItemProxy;
			containerPortal = 07A94CBD1BF429150052F7F0 /* Project object */;
			proxyType = 1;
			remoteGlobalIDString = 07A94CC41BF429150052F7F0;
			remoteInfo = Cognito;
		};
		07A94CE51BF429150052F7F0 /* PBXContainerItemProxy */ = {
			isa = PBXContainerItemProxy;
			containerPortal = 07A94CBD1BF429150052F7F0 /* Project object */;
			proxyType = 1;
			remoteGlobalIDString = 07A94CC41BF429150052F7F0;
			remoteInfo = Cognito;
		};
/* End PBXContainerItemProxy section */

/* Begin PBXFileReference section */
		0730863C1BF4329200B8D02A /* AWSCognito.framework */ = {isa = PBXFileReference; lastKnownFileType = wrapper.framework; path = AWSCognito.framework; sourceTree = "<group>"; };
		0730863F1BF473CD00B8D02A /* CognitoCell.swift */ = {isa = PBXFileReference; fileEncoding = 4; lastKnownFileType = sourcecode.swift; path = CognitoCell.swift; sourceTree = "<group>"; };
		073086421BF475E900B8D02A /* CognitoService.swift */ = {isa = PBXFileReference; fileEncoding = 4; lastKnownFileType = sourcecode.swift; path = CognitoService.swift; sourceTree = "<group>"; };
		073086451BF47A8E00B8D02A /* CognitoProfile.swift */ = {isa = PBXFileReference; fileEncoding = 4; lastKnownFileType = sourcecode.swift; path = CognitoProfile.swift; sourceTree = "<group>"; };
		073086481BF53F6A00B8D02A /* private.plist */ = {isa = PBXFileReference; fileEncoding = 4; lastKnownFileType = text.plist.xml; path = private.plist; sourceTree = "<group>"; };
		07A94CC51BF429150052F7F0 /* Cognito.app */ = {isa = PBXFileReference; explicitFileType = wrapper.application; includeInIndex = 0; path = Cognito.app; sourceTree = BUILT_PRODUCTS_DIR; };
		07A94CC81BF429150052F7F0 /* AppDelegate.swift */ = {isa = PBXFileReference; lastKnownFileType = sourcecode.swift; path = AppDelegate.swift; sourceTree = "<group>"; };
		07A94CCA1BF429150052F7F0 /* ViewController.swift */ = {isa = PBXFileReference; lastKnownFileType = sourcecode.swift; path = ViewController.swift; sourceTree = "<group>"; };
		07A94CCD1BF429150052F7F0 /* Base */ = {isa = PBXFileReference; lastKnownFileType = file.storyboard; name = Base; path = Base.lproj/Main.storyboard; sourceTree = "<group>"; };
		07A94CCF1BF429150052F7F0 /* Assets.xcassets */ = {isa = PBXFileReference; lastKnownFileType = folder.assetcatalog; path = Assets.xcassets; sourceTree = "<group>"; };
		07A94CD21BF429150052F7F0 /* Base */ = {isa = PBXFileReference; lastKnownFileType = file.storyboard; name = Base; path = Base.lproj/LaunchScreen.storyboard; sourceTree = "<group>"; };
		07A94CD41BF429150052F7F0 /* Info.plist */ = {isa = PBXFileReference; lastKnownFileType = text.plist.xml; path = Info.plist; sourceTree = "<group>"; };
		07A94CD91BF429150052F7F0 /* CognitoTests.xctest */ = {isa = PBXFileReference; explicitFileType = wrapper.cfbundle; includeInIndex = 0; path = CognitoTests.xctest; sourceTree = BUILT_PRODUCTS_DIR; };
		07A94CDD1BF429150052F7F0 /* CognitoTests.swift */ = {isa = PBXFileReference; lastKnownFileType = sourcecode.swift; path = CognitoTests.swift; sourceTree = "<group>"; };
		07A94CDF1BF429150052F7F0 /* Info.plist */ = {isa = PBXFileReference; lastKnownFileType = text.plist.xml; path = Info.plist; sourceTree = "<group>"; };
		07A94CE41BF429150052F7F0 /* CognitoUITests.xctest */ = {isa = PBXFileReference; explicitFileType = wrapper.cfbundle; includeInIndex = 0; path = CognitoUITests.xctest; sourceTree = BUILT_PRODUCTS_DIR; };
		07A94CE81BF429150052F7F0 /* CognitoUITests.swift */ = {isa = PBXFileReference; lastKnownFileType = sourcecode.swift; path = CognitoUITests.swift; sourceTree = "<group>"; };
		07A94CEA1BF429150052F7F0 /* Info.plist */ = {isa = PBXFileReference; lastKnownFileType = text.plist.xml; path = Info.plist; sourceTree = "<group>"; };
		07A94D3B1BF42E610052F7F0 /* AWSAPIGateway.framework */ = {isa = PBXFileReference; lastKnownFileType = wrapper.framework; path = AWSAPIGateway.framework; sourceTree = "<group>"; };
		07A94D3C1BF42E610052F7F0 /* AWSAutoScaling.framework */ = {isa = PBXFileReference; lastKnownFileType = wrapper.framework; path = AWSAutoScaling.framework; sourceTree = "<group>"; };
		07A94D3D1BF42E610052F7F0 /* AWSCloudWatch.framework */ = {isa = PBXFileReference; lastKnownFileType = wrapper.framework; path = AWSCloudWatch.framework; sourceTree = "<group>"; };
		07A94D3E1BF42E610052F7F0 /* AWSCore.framework */ = {isa = PBXFileReference; lastKnownFileType = wrapper.framework; path = AWSCore.framework; sourceTree = "<group>"; };
		07A94D3F1BF42E610052F7F0 /* AWSDynamoDB.framework */ = {isa = PBXFileReference; lastKnownFileType = wrapper.framework; path = AWSDynamoDB.framework; sourceTree = "<group>"; };
		07A94D401BF42E610052F7F0 /* AWSEC2.framework */ = {isa = PBXFileReference; lastKnownFileType = wrapper.framework; path = AWSEC2.framework; sourceTree = "<group>"; };
		07A94D411BF42E610052F7F0 /* AWSElasticLoadBalancing.framework */ = {isa = PBXFileReference; lastKnownFileType = wrapper.framework; path = AWSElasticLoadBalancing.framework; sourceTree = "<group>"; };
		07A94D421BF42E610052F7F0 /* AWSKinesis.framework */ = {isa = PBXFileReference; lastKnownFileType = wrapper.framework; path = AWSKinesis.framework; sourceTree = "<group>"; };
		07A94D431BF42E610052F7F0 /* AWSLambda.framework */ = {isa = PBXFileReference; lastKnownFileType = wrapper.framework; path = AWSLambda.framework; sourceTree = "<group>"; };
		07A94D441BF42E610052F7F0 /* AWSMachineLearning.framework */ = {isa = PBXFileReference; lastKnownFileType = wrapper.framework; path = AWSMachineLearning.framework; sourceTree = "<group>"; };
		07A94D451BF42E610052F7F0 /* AWSMobileAnalytics.framework */ = {isa = PBXFileReference; lastKnownFileType = wrapper.framework; path = AWSMobileAnalytics.framework; sourceTree = "<group>"; };
		07A94D461BF42E610052F7F0 /* AWSS3.framework */ = {isa = PBXFileReference; lastKnownFileType = wrapper.framework; path = AWSS3.framework; sourceTree = "<group>"; };
		07A94D471BF42E610052F7F0 /* AWSSES.framework */ = {isa = PBXFileReference; lastKnownFileType = wrapper.framework; path = AWSSES.framework; sourceTree = "<group>"; };
		07A94D481BF42E610052F7F0 /* AWSSimpleDB.framework */ = {isa = PBXFileReference; lastKnownFileType = wrapper.framework; path = AWSSimpleDB.framework; sourceTree = "<group>"; };
		07A94D491BF42E610052F7F0 /* AWSSNS.framework */ = {isa = PBXFileReference; lastKnownFileType = wrapper.framework; path = AWSSNS.framework; sourceTree = "<group>"; };
		07A94D4A1BF42E610052F7F0 /* AWSSQS.framework */ = {isa = PBXFileReference; lastKnownFileType = wrapper.framework; path = AWSSQS.framework; sourceTree = "<group>"; };
		07A94D5B1BF42F290052F7F0 /* SystemConfiguration.framework */ = {isa = PBXFileReference; lastKnownFileType = wrapper.framework; name = SystemConfiguration.framework; path = System/Library/Frameworks/SystemConfiguration.framework; sourceTree = SDKROOT; };
		07A94D5D1BF42F390052F7F0 /* libz.tbd */ = {isa = PBXFileReference; lastKnownFileType = "sourcecode.text-based-dylib-definition"; name = libz.tbd; path = usr/lib/libz.tbd; sourceTree = SDKROOT; };
		07A94D5F1BF42F420052F7F0 /* libsqlite3.tbd */ = {isa = PBXFileReference; lastKnownFileType = "sourcecode.text-based-dylib-definition"; name = libsqlite3.tbd; path = usr/lib/libsqlite3.tbd; sourceTree = SDKROOT; };
		07A94D611BF42FD80052F7F0 /* Cognito-Bridging-Header.h */ = {isa = PBXFileReference; fileEncoding = 4; lastKnownFileType = sourcecode.c.h; path = "Cognito-Bridging-Header.h"; sourceTree = "<group>"; };
/* End PBXFileReference section */

/* Begin PBXFrameworksBuildPhase section */
		07A94CC21BF429150052F7F0 /* Frameworks */ = {
			isa = PBXFrameworksBuildPhase;
			buildActionMask = 2147483647;
			files = (
				07A94D601BF42F420052F7F0 /* libsqlite3.tbd in Frameworks */,
				07A94D5E1BF42F390052F7F0 /* libz.tbd in Frameworks */,
				07A94D5C1BF42F290052F7F0 /* SystemConfiguration.framework in Frameworks */,
				07A94D4D1BF42E610052F7F0 /* AWSCloudWatch.framework in Frameworks */,
				07A94D591BF42E610052F7F0 /* AWSSNS.framework in Frameworks */,
				07A94D521BF42E610052F7F0 /* AWSKinesis.framework in Frameworks */,
				07A94D4E1BF42E610052F7F0 /* AWSCore.framework in Frameworks */,
				07A94D551BF42E610052F7F0 /* AWSMobileAnalytics.framework in Frameworks */,
				07A94D531BF42E610052F7F0 /* AWSLambda.framework in Frameworks */,
				07A94D4B1BF42E610052F7F0 /* AWSAPIGateway.framework in Frameworks */,
				07A94D4C1BF42E610052F7F0 /* AWSAutoScaling.framework in Frameworks */,
				07A94D4F1BF42E610052F7F0 /* AWSDynamoDB.framework in Frameworks */,
				07A94D581BF42E610052F7F0 /* AWSSimpleDB.framework in Frameworks */,
				07A94D561BF42E610052F7F0 /* AWSS3.framework in Frameworks */,
				0730863D1BF4329200B8D02A /* AWSCognito.framework in Frameworks */,
				07A94D511BF42E610052F7F0 /* AWSElasticLoadBalancing.framework in Frameworks */,
				07A94D541BF42E610052F7F0 /* AWSMachineLearning.framework in Frameworks */,
				07A94D501BF42E610052F7F0 /* AWSEC2.framework in Frameworks */,
				07A94D5A1BF42E610052F7F0 /* AWSSQS.framework in Frameworks */,
				07A94D571BF42E610052F7F0 /* AWSSES.framework in Frameworks */,
			);
			runOnlyForDeploymentPostprocessing = 0;
		};
		07A94CD61BF429150052F7F0 /* Frameworks */ = {
			isa = PBXFrameworksBuildPhase;
			buildActionMask = 2147483647;
			files = (
				0730863E1BF4329200B8D02A /* AWSCognito.framework in Frameworks */,
			);
			runOnlyForDeploymentPostprocessing = 0;
		};
		07A94CE11BF429150052F7F0 /* Frameworks */ = {
			isa = PBXFrameworksBuildPhase;
			buildActionMask = 2147483647;
			files = (
			);
			runOnlyForDeploymentPostprocessing = 0;
		};
/* End PBXFrameworksBuildPhase section */

/* Begin PBXGroup section */
		07A94CBC1BF429150052F7F0 = {
			isa = PBXGroup;
			children = (
				07A94D3A1BF42E1F0052F7F0 /* Frameworks */,
				07A94CC71BF429150052F7F0 /* Cognito */,
				07A94CDC1BF429150052F7F0 /* CognitoTests */,
				07A94CE71BF429150052F7F0 /* CognitoUITests */,
				07A94CC61BF429150052F7F0 /* Products */,
			);
			sourceTree = "<group>";
		};
		07A94CC61BF429150052F7F0 /* Products */ = {
			isa = PBXGroup;
			children = (
				07A94CC51BF429150052F7F0 /* Cognito.app */,
				07A94CD91BF429150052F7F0 /* CognitoTests.xctest */,
				07A94CE41BF429150052F7F0 /* CognitoUITests.xctest */,
			);
			name = Products;
			sourceTree = "<group>";
		};
		07A94CC71BF429150052F7F0 /* Cognito */ = {
			isa = PBXGroup;
			children = (
				07A94CC81BF429150052F7F0 /* AppDelegate.swift */,
				07A94CCA1BF429150052F7F0 /* ViewController.swift */,
				07A94CCC1BF429150052F7F0 /* Main.storyboard */,
				07A94CCF1BF429150052F7F0 /* Assets.xcassets */,
				07A94CD11BF429150052F7F0 /* LaunchScreen.storyboard */,
				07A94CD41BF429150052F7F0 /* Info.plist */,
				07A94D611BF42FD80052F7F0 /* Cognito-Bridging-Header.h */,
				0730863F1BF473CD00B8D02A /* CognitoCell.swift */,
				073086421BF475E900B8D02A /* CognitoService.swift */,
				073086451BF47A8E00B8D02A /* CognitoProfile.swift */,
				073086481BF53F6A00B8D02A /* private.plist */,
			);
			path = Cognito;
			sourceTree = "<group>";
		};
		07A94CDC1BF429150052F7F0 /* CognitoTests */ = {
			isa = PBXGroup;
			children = (
				07A94CDD1BF429150052F7F0 /* CognitoTests.swift */,
				07A94CDF1BF429150052F7F0 /* Info.plist */,
			);
			path = CognitoTests;
			sourceTree = "<group>";
		};
		07A94CE71BF429150052F7F0 /* CognitoUITests */ = {
			isa = PBXGroup;
			children = (
				07A94CE81BF429150052F7F0 /* CognitoUITests.swift */,
				07A94CEA1BF429150052F7F0 /* Info.plist */,
			);
			path = CognitoUITests;
			sourceTree = "<group>";
		};
		07A94D3A1BF42E1F0052F7F0 /* Frameworks */ = {
			isa = PBXGroup;
			children = (
				0730863C1BF4329200B8D02A /* AWSCognito.framework */,
				07A94D5F1BF42F420052F7F0 /* libsqlite3.tbd */,
				07A94D5D1BF42F390052F7F0 /* libz.tbd */,
				07A94D5B1BF42F290052F7F0 /* SystemConfiguration.framework */,
				07A94D3B1BF42E610052F7F0 /* AWSAPIGateway.framework */,
				07A94D3C1BF42E610052F7F0 /* AWSAutoScaling.framework */,
				07A94D3D1BF42E610052F7F0 /* AWSCloudWatch.framework */,
				07A94D3E1BF42E610052F7F0 /* AWSCore.framework */,
				07A94D3F1BF42E610052F7F0 /* AWSDynamoDB.framework */,
				07A94D401BF42E610052F7F0 /* AWSEC2.framework */,
				07A94D411BF42E610052F7F0 /* AWSElasticLoadBalancing.framework */,
				07A94D421BF42E610052F7F0 /* AWSKinesis.framework */,
				07A94D431BF42E610052F7F0 /* AWSLambda.framework */,
				07A94D441BF42E610052F7F0 /* AWSMachineLearning.framework */,
				07A94D451BF42E610052F7F0 /* AWSMobileAnalytics.framework */,
				07A94D461BF42E610052F7F0 /* AWSS3.framework */,
				07A94D471BF42E610052F7F0 /* AWSSES.framework */,
				07A94D481BF42E610052F7F0 /* AWSSimpleDB.framework */,
				07A94D491BF42E610052F7F0 /* AWSSNS.framework */,
				07A94D4A1BF42E610052F7F0 /* AWSSQS.framework */,
			);
			name = Frameworks;
			path = /Users/carlos/var/workspace/xcode/scratch/Cognito/Frameworks;
			sourceTree = "<absolute>";
		};
/* End PBXGroup section */

/* Begin PBXNativeTarget section */
		07A94CC41BF429150052F7F0 /* Cognito */ = {
			isa = PBXNativeTarget;
			buildConfigurationList = 07A94CED1BF429150052F7F0 /* Build configuration list for PBXNativeTarget "Cognito" */;
			buildPhases = (
				07A94CC11BF429150052F7F0 /* Sources */,
				07A94CC21BF429150052F7F0 /* Frameworks */,
				07A94CC31BF429150052F7F0 /* Resources */,
			);
			buildRules = (
			);
			dependencies = (
			);
			name = Cognito;
			productName = Cognito;
			productReference = 07A94CC51BF429150052F7F0 /* Cognito.app */;
			productType = "com.apple.product-type.application";
		};
		07A94CD81BF429150052F7F0 /* CognitoTests */ = {
			isa = PBXNativeTarget;
			buildConfigurationList = 07A94CF01BF429150052F7F0 /* Build configuration list for PBXNativeTarget "CognitoTests" */;
			buildPhases = (
				07A94CD51BF429150052F7F0 /* Sources */,
				07A94CD61BF429150052F7F0 /* Frameworks */,
				07A94CD71BF429150052F7F0 /* Resources */,
			);
			buildRules = (
			);
			dependencies = (
				07A94CDB1BF429150052F7F0 /* PBXTargetDependency */,
			);
			name = CognitoTests;
			productName = CognitoTests;
			productReference = 07A94CD91BF429150052F7F0 /* CognitoTests.xctest */;
			productType = "com.apple.product-type.bundle.unit-test";
		};
		07A94CE31BF429150052F7F0 /* CognitoUITests */ = {
			isa = PBXNativeTarget;
			buildConfigurationList = 07A94CF31BF429150052F7F0 /* Build configuration list for PBXNativeTarget "CognitoUITests" */;
			buildPhases = (
				07A94CE01BF429150052F7F0 /* Sources */,
				07A94CE11BF429150052F7F0 /* Frameworks */,
				07A94CE21BF429150052F7F0 /* Resources */,
			);
			buildRules = (
			);
			dependencies = (
				07A94CE61BF429150052F7F0 /* PBXTargetDependency */,
			);
			name = CognitoUITests;
			productName = CognitoUITests;
			productReference = 07A94CE41BF429150052F7F0 /* CognitoUITests.xctest */;
			productType = "com.apple.product-type.bundle.ui-testing";
		};
/* End PBXNativeTarget section */

/* Begin PBXProject section */
		07A94CBD1BF429150052F7F0 /* Project object */ = {
			isa = PBXProject;
			attributes = {
				LastSwiftUpdateCheck = 0710;
				LastUpgradeCheck = 0710;
				ORGANIZATIONNAME = "Carlos Macasaet";
				TargetAttributes = {
					07A94CC41BF429150052F7F0 = {
						CreatedOnToolsVersion = 7.1;
					};
					07A94CD81BF429150052F7F0 = {
						CreatedOnToolsVersion = 7.1;
						TestTargetID = 07A94CC41BF429150052F7F0;
					};
					07A94CE31BF429150052F7F0 = {
						CreatedOnToolsVersion = 7.1;
						TestTargetID = 07A94CC41BF429150052F7F0;
					};
				};
			};
			buildConfigurationList = 07A94CC01BF429150052F7F0 /* Build configuration list for PBXProject "Cognito" */;
			compatibilityVersion = "Xcode 6.3";
			developmentRegion = English;
			hasScannedForEncodings = 0;
			knownRegions = (
				en,
				Base,
			);
			mainGroup = 07A94CBC1BF429150052F7F0;
			productRefGroup = 07A94CC61BF429150052F7F0 /* Products */;
			projectDirPath = "";
			projectRoot = "";
			targets = (
				07A94CC41BF429150052F7F0 /* Cognito */,
				07A94CD81BF429150052F7F0 /* CognitoTests */,
				07A94CE31BF429150052F7F0 /* CognitoUITests */,
			);
		};
/* End PBXProject section */

/* Begin PBXResourcesBuildPhase section */
		07A94CC31BF429150052F7F0 /* Resources */ = {
			isa = PBXResourcesBuildPhase;
			buildActionMask = 2147483647;
			files = (
				07A94CD31BF429150052F7F0 /* LaunchScreen.storyboard in Resources */,
				07A94CD01BF429150052F7F0 /* Assets.xcassets in Resources */,
				073086491BF53F6A00B8D02A /* private.plist in Resources */,
				07A94CCE1BF429150052F7F0 /* Main.storyboard in Resources */,
			);
			runOnlyForDeploymentPostprocessing = 0;
		};
		07A94CD71BF429150052F7F0 /* Resources */ = {
			isa = PBXResourcesBuildPhase;
			buildActionMask = 2147483647;
			files = (
			);
			runOnlyForDeploymentPostprocessing = 0;
		};
		07A94CE21BF429150052F7F0 /* Resources */ = {
			isa = PBXResourcesBuildPhase;
			buildActionMask = 2147483647;
			files = (
			);
			runOnlyForDeploymentPostprocessing = 0;
		};
/* End PBXResourcesBuildPhase section */

/* Begin PBXSourcesBuildPhase section */
		07A94CC11BF429150052F7F0 /* Sources */ = {
			isa = PBXSourcesBuildPhase;
			buildActionMask = 2147483647;
			files = (
				073086401BF473CD00B8D02A /* CognitoCell.swift in Sources */,
				073086461BF47A8E00B8D02A /* CognitoProfile.swift in Sources */,
				07A94CCB1BF429150052F7F0 /* ViewController.swift in Sources */,
				07A94CC91BF429150052F7F0 /* AppDelegate.swift in Sources */,
				073086431BF475E900B8D02A /* CognitoService.swift in Sources */,
			);
			runOnlyForDeploymentPostprocessing = 0;
		};
		07A94CD51BF429150052F7F0 /* Sources */ = {
			isa = PBXSourcesBuildPhase;
			buildActionMask = 2147483647;
			files = (
				07A94CDE1BF429150052F7F0 /* CognitoTests.swift in Sources */,
				073086411BF473CD00B8D02A /* CognitoCell.swift in Sources */,
				073086441BF475E900B8D02A /* CognitoService.swift in Sources */,
				073086471BF47A8E00B8D02A /* CognitoProfile.swift in Sources */,
			);
			runOnlyForDeploymentPostprocessing = 0;
		};
		07A94CE01BF429150052F7F0 /* Sources */ = {
			isa = PBXSourcesBuildPhase;
			buildActionMask = 2147483647;
			files = (
				07A94CE91BF429150052F7F0 /* CognitoUITests.swift in Sources */,
			);
			runOnlyForDeploymentPostprocessing = 0;
		};
/* End PBXSourcesBuildPhase section */

/* Begin PBXTargetDependency section */
		07A94CDB1BF429150052F7F0 /* PBXTargetDependency */ = {
			isa = PBXTargetDependency;
			target = 07A94CC41BF429150052F7F0 /* Cognito */;
			targetProxy = 07A94CDA1BF429150052F7F0 /* PBXContainerItemProxy */;
		};
		07A94CE61BF429150052F7F0 /* PBXTargetDependency */ = {
			isa = PBXTargetDependency;
			target = 07A94CC41BF429150052F7F0 /* Cognito */;
			targetProxy = 07A94CE51BF429150052F7F0 /* PBXContainerItemProxy */;
		};
/* End PBXTargetDependency section */

/* Begin PBXVariantGroup section */
		07A94CCC1BF429150052F7F0 /* Main.storyboard */ = {
			isa = PBXVariantGroup;
			children = (
				07A94CCD1BF429150052F7F0 /* Base */,
			);
			name = Main.storyboard;
			sourceTree = "<group>";
		};
		07A94CD11BF429150052F7F0 /* LaunchScreen.storyboard */ = {
			isa = PBXVariantGroup;
			children = (
				07A94CD21BF429150052F7F0 /* Base */,
			);
			name = LaunchScreen.storyboard;
			sourceTree = "<group>";
		};
/* End PBXVariantGroup section */

/* Begin XCBuildConfiguration section */
		07A94CEB1BF429150052F7F0 /* Debug */ = {
			isa = XCBuildConfiguration;
			buildSettings = {
				ALWAYS_SEARCH_USER_PATHS = NO;
				CLANG_CXX_LANGUAGE_STANDARD = "gnu++0x";
				CLANG_CXX_LIBRARY = "libc++";
				CLANG_ENABLE_MODULES = YES;
				CLANG_ENABLE_OBJC_ARC = YES;
				CLANG_WARN_BOOL_CONVERSION = YES;
				CLANG_WARN_CONSTANT_CONVERSION = YES;
				CLANG_WARN_DIRECT_OBJC_ISA_USAGE = YES_ERROR;
				CLANG_WARN_EMPTY_BODY = YES;
				CLANG_WARN_ENUM_CONVERSION = YES;
				CLANG_WARN_INT_CONVERSION = YES;
				CLANG_WARN_OBJC_ROOT_CLASS = YES_ERROR;
				CLANG_WARN_UNREACHABLE_CODE = YES;
				CLANG_WARN__DUPLICATE_METHOD_MATCH = YES;
				"CODE_SIGN_IDENTITY[sdk=iphoneos*]" = "iPhone Developer";
				COPY_PHASE_STRIP = NO;
				DEBUG_INFORMATION_FORMAT = dwarf;
				ENABLE_STRICT_OBJC_MSGSEND = YES;
				ENABLE_TESTABILITY = YES;
				GCC_C_LANGUAGE_STANDARD = gnu99;
				GCC_DYNAMIC_NO_PIC = NO;
				GCC_NO_COMMON_BLOCKS = YES;
				GCC_OPTIMIZATION_LEVEL = 0;
				GCC_PREPROCESSOR_DEFINITIONS = (
					"DEBUG=1",
					"$(inherited)",
				);
				GCC_WARN_64_TO_32_BIT_CONVERSION = YES;
				GCC_WARN_ABOUT_RETURN_TYPE = YES_ERROR;
				GCC_WARN_UNDECLARED_SELECTOR = YES;
				GCC_WARN_UNINITIALIZED_AUTOS = YES_AGGRESSIVE;
				GCC_WARN_UNUSED_FUNCTION = YES;
				GCC_WARN_UNUSED_VARIABLE = YES;
				IPHONEOS_DEPLOYMENT_TARGET = 8.0;
				MTL_ENABLE_DEBUG_INFO = YES;
				ONLY_ACTIVE_ARCH = YES;
				SDKROOT = iphoneos;
				SWIFT_OPTIMIZATION_LEVEL = "-Onone";
				TARGETED_DEVICE_FAMILY = "1,2";
			};
			name = Debug;
		};
		07A94CEC1BF429150052F7F0 /* Release */ = {
			isa = XCBuildConfiguration;
			buildSettings = {
				ALWAYS_SEARCH_USER_PATHS = NO;
				CLANG_CXX_LANGUAGE_STANDARD = "gnu++0x";
				CLANG_CXX_LIBRARY = "libc++";
				CLANG_ENABLE_MODULES = YES;
				CLANG_ENABLE_OBJC_ARC = YES;
				CLANG_WARN_BOOL_CONVERSION = YES;
				CLANG_WARN_CONSTANT_CONVERSION = YES;
				CLANG_WARN_DIRECT_OBJC_ISA_USAGE = YES_ERROR;
				CLANG_WARN_EMPTY_BODY = YES;
				CLANG_WARN_ENUM_CONVERSION = YES;
				CLANG_WARN_INT_CONVERSION = YES;
				CLANG_WARN_OBJC_ROOT_CLASS = YES_ERROR;
				CLANG_WARN_UNREACHABLE_CODE = YES;
				CLANG_WARN__DUPLICATE_METHOD_MATCH = YES;
				"CODE_SIGN_IDENTITY[sdk=iphoneos*]" = "iPhone Developer";
				COPY_PHASE_STRIP = NO;
				DEBUG_INFORMATION_FORMAT = "dwarf-with-dsym";
				ENABLE_NS_ASSERTIONS = NO;
				ENABLE_STRICT_OBJC_MSGSEND = YES;
				GCC_C_LANGUAGE_STANDARD = gnu99;
				GCC_NO_COMMON_BLOCKS = YES;
				GCC_WARN_64_TO_32_BIT_CONVERSION = YES;
				GCC_WARN_ABOUT_RETURN_TYPE = YES_ERROR;
				GCC_WARN_UNDECLARED_SELECTOR = YES;
				GCC_WARN_UNINITIALIZED_AUTOS = YES_AGGRESSIVE;
				GCC_WARN_UNUSED_FUNCTION = YES;
				GCC_WARN_UNUSED_VARIABLE = YES;
				IPHONEOS_DEPLOYMENT_TARGET = 8.0;
				MTL_ENABLE_DEBUG_INFO = NO;
				SDKROOT = iphoneos;
				TARGETED_DEVICE_FAMILY = "1,2";
				VALIDATE_PRODUCT = YES;
			};
			name = Release;
		};
		07A94CEE1BF429150052F7F0 /* Debug */ = {
			isa = XCBuildConfiguration;
			buildSettings = {
				ASSETCATALOG_COMPILER_APPICON_NAME = AppIcon;
				FRAMEWORK_SEARCH_PATHS = (
					"$(inherited)",
					"$(PROJECT_DIR)",
					"$(PROJECT_DIR)/frameworks",
					"$(PROJECT_DIR)/Frameworks",
				);
				INFOPLIST_FILE = Cognito/Info.plist;
				IPHONEOS_DEPLOYMENT_TARGET = 8.0;
				LD_RUNPATH_SEARCH_PATHS = "$(inherited) @executable_path/Frameworks";
				PRODUCT_BUNDLE_IDENTIFIER = com.macasaet.Cognito;
				PRODUCT_NAME = "$(TARGET_NAME)";
				SWIFT_OBJC_BRIDGING_HEADER = "Cognito/Cognito-Bridging-Header.h";
			};
			name = Debug;
		};
		07A94CEF1BF429150052F7F0 /* Release */ = {
			isa = XCBuildConfiguration;
			buildSettings = {
				ASSETCATALOG_COMPILER_APPICON_NAME = AppIcon;
				FRAMEWORK_SEARCH_PATHS = (
					"$(inherited)",
					"$(PROJECT_DIR)",
					"$(PROJECT_DIR)/frameworks",
					"$(PROJECT_DIR)/Frameworks",
				);
				INFOPLIST_FILE = Cognito/Info.plist;
				IPHONEOS_DEPLOYMENT_TARGET = 8.0;
				LD_RUNPATH_SEARCH_PATHS = "$(inherited) @executable_path/Frameworks";
				PRODUCT_BUNDLE_IDENTIFIER = com.macasaet.Cognito;
				PRODUCT_NAME = "$(TARGET_NAME)";
				SWIFT_OBJC_BRIDGING_HEADER = "Cognito/Cognito-Bridging-Header.h";
			};
			name = Release;
		};
		07A94CF11BF429150052F7F0 /* Debug */ = {
			isa = XCBuildConfiguration;
			buildSettings = {
				BUNDLE_LOADER = "$(TEST_HOST)";
				FRAMEWORK_SEARCH_PATHS = (
					"$(inherited)",
					"$(PROJECT_DIR)/Frameworks",
				);
				INFOPLIST_FILE = CognitoTests/Info.plist;
				LD_RUNPATH_SEARCH_PATHS = "$(inherited) @executable_path/Frameworks @loader_path/Frameworks";
				PRODUCT_BUNDLE_IDENTIFIER = com.macasaet.CognitoTests;
				PRODUCT_NAME = "$(TARGET_NAME)";
				TEST_HOST = "$(BUILT_PRODUCTS_DIR)/Cognito.app/Cognito";
			};
			name = Debug;
		};
		07A94CF21BF429150052F7F0 /* Release */ = {
			isa = XCBuildConfiguration;
			buildSettings = {
				BUNDLE_LOADER = "$(TEST_HOST)";
				FRAMEWORK_SEARCH_PATHS = (
					"$(inherited)",
					"$(PROJECT_DIR)/Frameworks",
				);
				INFOPLIST_FILE = CognitoTests/Info.plist;
				LD_RUNPATH_SEARCH_PATHS = "$(inherited) @executable_path/Frameworks @loader_path/Frameworks";
				PRODUCT_BUNDLE_IDENTIFIER = com.macasaet.CognitoTests;
				PRODUCT_NAME = "$(TARGET_NAME)";
				TEST_HOST = "$(BUILT_PRODUCTS_DIR)/Cognito.app/Cognito";
			};
			name = Release;
		};
		07A94CF41BF429150052F7F0 /* Debug */ = {
			isa = XCBuildConfiguration;
			buildSettings = {
				INFOPLIST_FILE = CognitoUITests/Info.plist;
				LD_RUNPATH_SEARCH_PATHS = "$(inherited) @executable_path/Frameworks @loader_path/Frameworks";
				PRODUCT_BUNDLE_IDENTIFIER = com.macasaet.CognitoUITests;
				PRODUCT_NAME = "$(TARGET_NAME)";
				TEST_TARGET_NAME = Cognito;
				USES_XCTRUNNER = YES;
			};
			name = Debug;
		};
		07A94CF51BF429150052F7F0 /* Release */ = {
			isa = XCBuildConfiguration;
			buildSettings = {
				INFOPLIST_FILE = CognitoUITests/Info.plist;
				LD_RUNPATH_SEARCH_PATHS = "$(inherited) @executable_path/Frameworks @loader_path/Frameworks";
				PRODUCT_BUNDLE_IDENTIFIER = com.macasaet.CognitoUITests;
				PRODUCT_NAME = "$(TARGET_NAME)";
				TEST_TARGET_NAME = Cognito;
				USES_XCTRUNNER = YES;
			};
			name = Release;
		};
/* End XCBuildConfiguration section */

/* Begin XCConfigurationList section */
		07A94CC01BF429150052F7F0 /* Build configuration list for PBXProject "Cognito" */ = {
			isa = XCConfigurationList;
			buildConfigurations = (
				07A94CEB1BF429150052F7F0 /* Debug */,
				07A94CEC1BF429150052F7F0 /* Release */,
			);
			defaultConfigurationIsVisible = 0;
			defaultConfigurationName = Release;
		};
		07A94CED1BF429150052F7F0 /* Build configuration list for PBXNativeTarget "Cognito" */ = {
			isa = XCConfigurationList;
			buildConfigurations = (
				07A94CEE1BF429150052F7F0 /* Debug */,
				07A94CEF1BF429150052F7F0 /* Release */,
			);
			defaultConfigurationIsVisible = 0;
			defaultConfigurationName = Release;
		};
		07A94CF01BF429150052F7F0 /* Build configuration list for PBXNativeTarget "CognitoTests" */ = {
			isa = XCConfigurationList;
			buildConfigurations = (
				07A94CF11BF429150052F7F0 /* Debug */,
				07A94CF21BF429150052F7F0 /* Release */,
			);
			defaultConfigurationIsVisible = 0;
			defaultConfigurationName = Release;
		};
		07A94CF31BF429150052F7F0 /* Build configuration list for PBXNativeTarget "CognitoUITests" */ = {
			isa = XCConfigurationList;
			buildConfigurations = (
				07A94CF41BF429150052F7F0 /* Debug */,
				07A94CF51BF429150052F7F0 /* Release */,
			);
			defaultConfigurationIsVisible = 0;
			defaultConfigurationName = Release;
		};
/* End XCConfigurationList section */
	};
	rootObject = 07A94CBD1BF429150052F7F0 /* Project object */;
}
